
Microsoft Visual Studio Solution File, Format Version 10.00
# Visual Studio 2008
Project("{FAE04EC0-301F-11D3-BF4B-00C04F79EFBC}") = "ConAppSQListEmptyTables", "ConAppSQListEmptyTables.csproj", "{DBC08D48-DDC1-455C-BF78-120A0A1943EB}"
EndProject
Global
	GlobalSection(SolutionConfigurationPlatforms) = preSolution
		Debug|Any CPU = Debug|Any CPU
		Release|Any CPU = Release|Any CPU
	EndGlobalSection
	GlobalSection(ProjectConfigurationPlatforms) = postSolution
		{DBC08D48-DDC1-455C-BF78-120A0A1943EB}.Debug|Any CPU.ActiveCfg = Debug|Any CPU
		{DBC08D48-DDC1-455C-BF78-120A0A1943EB}.Debug|Any CPU.Build.0 = Debug|Any CPU
		{DBC08D48-DDC1-455C-BF78-120A0A1943EB}.Release|Any CPU.ActiveCfg = Release|Any CPU
		{DBC08D48-DDC1-455C-BF78-120A0A1943EB}.Release|Any CPU.Build.0 = Release|Any CPU
	EndGlobalSection
	GlobalSection(SolutionProperties) = preSolution
		HideSolutionNode = FALSE
	EndGlobalSection
EndGlobal
